
Microsoft Visual Studio Solution File, Format Version 12.00
# Visual Studio Version 17
VisualStudioVersion = 17.14.36623.8 d17.14
MinimumVisualStudioVersion = 10.0.40219.1
Project("{C9674DCB-5085-4A16-B785-4C70DD1589BD}") = "Ha_Khai_Project5", "Ha_Khai_Project5\Ha_Khai_Project5.dtproj", "{B06298EE-89AD-8F5C-4AE8-F30D1F99DCBF}"
EndProject
Global
	GlobalSection(SolutionConfigurationPlatforms) = preSolution
		Development|Default = Development|Default
	EndGlobalSection
	GlobalSection(ProjectConfigurationPlatforms) = postSolution
		{B06298EE-89AD-8F5C-4AE8-F30D1F99DCBF}.Development|Default.ActiveCfg = Development
		{B06298EE-89AD-8F5C-4AE8-F30D1F99DCBF}.Development|Default.Build.0 = Development
	EndGlobalSection
	GlobalSection(SolutionProperties) = preSolution
		HideSolutionNode = FALSE
	EndGlobalSection
	GlobalSection(ExtensibilityGlobals) = postSolution
		SolutionGuid = {3F1F0A29-5C8E-43C7-B8D8-B3A1A716840E}
	EndGlobalSection
EndGlobal
